
Microsoft Visual Studio Solution File, Format Version 12.00
# Visual Studio Version 17
VisualStudioVersion = 17.10.34928.147
MinimumVisualStudioVersion = 10.0.40219.1
Project("{FAE04EC0-301F-11D3-BF4B-00C04F79EFBC}") = "AulaPOO", "AulaPOO.csproj", "{D9FC95C5-9C37-4C3A-8B5C-B673FAABE27A}"
EndProject
Global
	GlobalSection(SolutionConfigurationPlatforms) = preSolution
		Debug|Any CPU = Debug|Any CPU
		Release|Any CPU = Release|Any CPU
	EndGlobalSection
	GlobalSection(ProjectConfigurationPlatforms) = postSolution
		{D9FC95C5-9C37-4C3A-8B5C-B673FAABE27A}.Debug|Any CPU.ActiveCfg = Debug|Any CPU
		{D9FC95C5-9C37-4C3A-8B5C-B673FAABE27A}.Debug|Any CPU.Build.0 = Debug|Any CPU
		{D9FC95C5-9C37-4C3A-8B5C-B673FAABE27A}.Release|Any CPU.ActiveCfg = Release|Any CPU
		{D9FC95C5-9C37-4C3A-8B5C-B673FAABE27A}.Release|Any CPU.Build.0 = Release|Any CPU
	EndGlobalSection
	GlobalSection(SolutionProperties) = preSolution
		HideSolutionNode = FALSE
	EndGlobalSection
	GlobalSection(ExtensibilityGlobals) = postSolution
		SolutionGuid = {2CFDEF63-CCAE-49FB-AAA9-45D70C24D212}
	EndGlobalSection
EndGlobal
